// !$*UTF8*$!
{
	archiveVersion = 1;
	classes = {
	};
	objectVersion = 50;
	objects = {

/* Begin PBXBuildFile section */
		7A6FC02D250AF6970097920F /* AppDelegate.swift in Sources */ = {isa = PBXBuildFile; fileRef = 7A6FC02C250AF6970097920F /* AppDelegate.swift */; };
		7A6FC02F250AF6970097920F /* SceneDelegate.swift in Sources */ = {isa = PBXBuildFile; fileRef = 7A6FC02E250AF6970097920F /* SceneDelegate.swift */; };
		7A6FC031250AF6970097920F /* ContentView.swift in Sources */ = {isa = PBXBuildFile; fileRef = 7A6FC030250AF6970097920F /* ContentView.swift */; };
		7A6FC033250AF6970097920F /* Assets.xcassets in Resources */ = {isa = PBXBuildFile; fileRef = 7A6FC032250AF6970097920F /* Assets.xcassets */; };
		7A6FC036250AF6970097920F /* Preview Assets.xcassets in Resources */ = {isa = PBXBuildFile; fileRef = 7A6FC035250AF6970097920F /* Preview Assets.xcassets */; };
		7A6FC039250AF6970097920F /* LaunchScreen.storyboard in Resources */ = {isa = PBXBuildFile; fileRef = 7A6FC037250AF6970097920F /* LaunchScreen.storyboard */; };
		7A6FC044250AF6980097920F /* GreetingTests.swift in Sources */ = {isa = PBXBuildFile; fileRef = 7A6FC043250AF6980097920F /* GreetingTests.swift */; };
		7A6FC04F250AF6D50097920F /* Greeting.swift in Sources */ = {isa = PBXBuildFile; fileRef = 7A6FC04E250AF6D50097920F /* Greeting.swift */; };
/* End PBXBuildFile section */

/* Begin PBXContainerItemProxy section */
		7A6FC040250AF6980097920F /* PBXContainerItemProxy */ = {
			isa = PBXContainerItemProxy;
			containerPortal = 7A6FC021250AF6970097920F /* Project object */;
			proxyType = 1;
			remoteGlobalIDString = 7A6FC028250AF6970097920F;
			remoteInfo = GitHubActionsSample;
		};
/* End PBXContainerItemProxy section */

/* Begin PBXFileReference section */
		7A6FC029250AF6970097920F /* GitHubActionsSample.app */ = {isa = PBXFileReference; explicitFileType = wrapper.application; includeInIndex = 0; path = GitHubActionsSample.app; sourceTree = BUILT_PRODUCTS_DIR; };
		7A6FC02C250AF6970097920F /* AppDelegate.swift */ = {isa = PBXFileReference; lastKnownFileType = sourcecode.swift; path = AppDelegate.swift; sourceTree = "<group>"; };
		7A6FC02E250AF6970097920F /* SceneDelegate.swift */ = {isa = PBXFileReference; lastKnownFileType = sourcecode.swift; path = SceneDelegate.swift; sourceTree = "<group>"; };
		7A6FC030250AF6970097920F /* ContentView.swift */ = {isa = PBXFileReference; lastKnownFileType = sourcecode.swift; path = ContentView.swift; sourceTree = "<group>"; };
		7A6FC032250AF6970097920F /* Assets.xcassets */ = {isa = PBXFileReference; lastKnownFileType = folder.assetcatalog; path = Assets.xcassets; sourceTree = "<group>"; };
		7A6FC035250AF6970097920F /* Preview Assets.xcassets */ = {isa = PBXFileReference; lastKnownFileType = folder.assetcatalog; path = "Preview Assets.xcassets"; sourceTree = "<group>"; };
		7A6FC038250AF6970097920F /* Base */ = {isa = PBXFileReference; lastKnownFileType = file.storyboard; name = Base; path = Base.lproj/LaunchScreen.storyboard; sourceTree = "<group>"; };
		7A6FC03A250AF6970097920F /* Info.plist */ = {isa = PBXFileReference; lastKnownFileType = text.plist.xml; path = Info.plist; sourceTree = "<group>"; };
		7A6FC03F250AF6980097920F /* GitHubActionsSampleTests.xctest */ = {isa = PBXFileReference; explicitFileType = wrapper.cfbundle; includeInIndex = 0; path = GitHubActionsSampleTests.xctest; sourceTree = BUILT_PRODUCTS_DIR; };
		7A6FC043250AF6980097920F /* GreetingTests.swift */ = {isa = PBXFileReference; lastKnownFileType = sourcecode.swift; path = GreetingTests.swift; sourceTree = "<group>"; };
		7A6FC045250AF6980097920F /* Info.plist */ = {isa = PBXFileReference; lastKnownFileType = text.plist.xml; path = Info.plist; sourceTree = "<group>"; };
		7A6FC04E250AF6D50097920F /* Greeting.swift */ = {isa = PBXFileReference; lastKnownFileType = sourcecode.swift; path = Greeting.swift; sourceTree = "<group>"; };
/* End PBXFileReference section */

/* Begin PBXFrameworksBuildPhase section */
		7A6FC026250AF6970097920F /* Frameworks */ = {
			isa = PBXFrameworksBuildPhase;
			buildActionMask = 2147483647;
			files = (
			);
			runOnlyForDeploymentPostprocessing = 0;
		};
		7A6FC03C250AF6980097920F /* Frameworks */ = {
			isa = PBXFrameworksBuildPhase;
			buildActionMask = 2147483647;
			files = (
			);
			runOnlyForDeploymentPostprocessing = 0;
		};
/* End PBXFrameworksBuildPhase section */

/* Begin PBXGroup section */
		7A6FC020250AF6970097920F = {
			isa = PBXGroup;
			children = (
				7A6FC02B250AF6970097920F /* GitHubActionsSample */,
				7A6FC042250AF6980097920F /* GitHubActionsSampleTests */,
				7A6FC02A250AF6970097920F /* Products */,
			);
			sourceTree = "<group>";
		};
		7A6FC02A250AF6970097920F /* Products */ = {
			isa = PBXGroup;
			children = (
				7A6FC029250AF6970097920F /* GitHubActionsSample.app */,
				7A6FC03F250AF6980097920F /* GitHubActionsSampleTests.xctest */,
			);
			name = Products;
			sourceTree = "<group>";
		};
		7A6FC02B250AF6970097920F /* GitHubActionsSample */ = {
			isa = PBXGroup;
			children = (
				7A6FC02C250AF6970097920F /* AppDelegate.swift */,
				7A6FC02E250AF6970097920F /* SceneDelegate.swift */,
				7A6FC030250AF6970097920F /* ContentView.swift */,
				7A6FC04E250AF6D50097920F /* Greeting.swift */,
				7A6FC032250AF6970097920F /* Assets.xcassets */,
				7A6FC037250AF6970097920F /* LaunchScreen.storyboard */,
				7A6FC03A250AF6970097920F /* Info.plist */,
				7A6FC034250AF6970097920F /* Preview Content */,
			);
			path = GitHubActionsSample;
			sourceTree = "<group>";
		};
		7A6FC034250AF6970097920F /* Preview Content */ = {
			isa = PBXGroup;
			children = (
				7A6FC035250AF6970097920F /* Preview Assets.xcassets */,
			);
			path = "Preview Content";
			sourceTree = "<group>";
		};
		7A6FC042250AF6980097920F /* GitHubActionsSampleTests */ = {
			isa = PBXGroup;
			children = (
				7A6FC043250AF6980097920F /* GreetingTests.swift */,
				7A6FC045250AF6980097920F /* Info.plist */,
			);
			path = GitHubActionsSampleTests;
			sourceTree = "<group>";
		};
/* End PBXGroup section */

/* Begin PBXNativeTarget section */
		7A6FC028250AF6970097920F /* GitHubActionsSample */ = {
			isa = PBXNativeTarget;
			buildConfigurationList = 7A6FC048250AF6980097920F /* Build configuration list for PBXNativeTarget "GitHubActionsSample" */;
			buildPhases = (
				7A6FC025250AF6970097920F /* Sources */,
				7A6FC026250AF6970097920F /* Frameworks */,
				7A6FC027250AF6970097920F /* Resources */,
			);
			buildRules = (
			);
			dependencies = (
			);
			name = GitHubActionsSample;
			productName = GitHubActionsSample;
			productReference = 7A6FC029250AF6970097920F /* GitHubActionsSample.app */;
			productType = "com.apple.product-type.application";
		};
		7A6FC03E250AF6980097920F /* GitHubActionsSampleTests */ = {
			isa = PBXNativeTarget;
			buildConfigurationList = 7A6FC04B250AF6980097920F /* Build configuration list for PBXNativeTarget "GitHubActionsSampleTests" */;
			buildPhases = (
				7A6FC03B250AF6980097920F /* Sources */,
				7A6FC03C250AF6980097920F /* Frameworks */,
				7A6FC03D250AF6980097920F /* Resources */,
			);
			buildRules = (
			);
			dependencies = (
				7A6FC041250AF6980097920F /* PBXTargetDependency */,
			);
			name = GitHubActionsSampleTests;
			productName = GitHubActionsSampleTests;
			productReference = 7A6FC03F250AF6980097920F /* GitHubActionsSampleTests.xctest */;
			productType = "com.apple.product-type.bundle.unit-test";
		};
/* End PBXNativeTarget section */

/* Begin PBXProject section */
		7A6FC021250AF6970097920F /* Project object */ = {
			isa = PBXProject;
			attributes = {
				LastSwiftUpdateCheck = 1160;
				LastUpgradeCheck = 1160;
				ORGANIZATIONNAME = example;
				TargetAttributes = {
					7A6FC028250AF6970097920F = {
						CreatedOnToolsVersion = 11.6;
					};
					7A6FC03E250AF6980097920F = {
						CreatedOnToolsVersion = 11.6;
						TestTargetID = 7A6FC028250AF6970097920F;
					};
				};
			};
			buildConfigurationList = 7A6FC024250AF6970097920F /* Build configuration list for PBXProject "GitHubActionsSample" */;
			compatibilityVersion = "Xcode 9.3";
			developmentRegion = en;
			hasScannedForEncodings = 0;
			knownRegions = (
				en,
				Base,
			);
			mainGroup = 7A6FC020250AF6970097920F;
			productRefGroup = 7A6FC02A250AF6970097920F /* Products */;
			projectDirPath = "";
			projectRoot = "";
			targets = (
				7A6FC028250AF6970097920F /* GitHubActionsSample */,
				7A6FC03E250AF6980097920F /* GitHubActionsSampleTests */,
			);
		};
/* End PBXProject section */

/* Begin PBXResourcesBuildPhase section */
		7A6FC027250AF6970097920F /* Resources */ = {
			isa = PBXResourcesBuildPhase;
			buildActionMask = 2147483647;
			files = (
				7A6FC039250AF6970097920F /* LaunchScreen.storyboard in Resources */,
				7A6FC036250AF6970097920F /* Preview Assets.xcassets in Resources */,
				7A6FC033250AF6970097920F /* Assets.xcassets in Resources */,
			);
			runOnlyForDeploymentPostprocessing = 0;
		};
		7A6FC03D250AF6980097920F /* Resources */ = {
			isa = PBXResourcesBuildPhase;
			buildActionMask = 2147483647;
			files = (
			);
			runOnlyForDeploymentPostprocessing = 0;
		};
/* End PBXResourcesBuildPhase section */

/* Begin PBXSourcesBuildPhase section */
		7A6FC025250AF6970097920F /* Sources */ = {
			isa = PBXSourcesBuildPhase;
			buildActionMask = 2147483647;
			files = (
				7A6FC02D250AF6970097920F /* AppDelegate.swift in Sources */,
				7A6FC02F250AF6970097920F /* SceneDelegate.swift in Sources */,
				7A6FC04F250AF6D50097920F /* Greeting.swift in Sources */,
				7A6FC031250AF6970097920F /* ContentView.swift in Sources */,
			);
			runOnlyForDeploymentPostprocessing = 0;
		};
		7A6FC03B250AF6980097920F /* Sources */ = {
			isa = PBXSourcesBuildPhase;
			buildActionMask = 2147483647;
			files = (
				7A6FC044250AF6980097920F /* GreetingTests.swift in Sources */,
			);
			runOnlyForDeploymentPostprocessing = 0;
		};
/* End PBXSourcesBuildPhase section */

/* Begin PBXTargetDependency section */
		7A6FC041250AF6980097920F /* PBXTargetDependency */ = {
			isa = PBXTargetDependency;
			target = 7A6FC028250AF6970097920F /* GitHubActionsSample */;
			targetProxy = 7A6FC040250AF6980097920F /* PBXContainerItemProxy */;
		};
/* End PBXTargetDependency section */

/* Begin PBXVariantGroup section */
		7A6FC037250AF6970097920F /* LaunchScreen.storyboard */ = {
			isa = PBXVariantGroup;
			children = (
				7A6FC038250AF6970097920F /* Base */,
			);
			name = LaunchScreen.storyboard;
			sourceTree = "<group>";
		};
/* End PBXVariantGroup section */

/* Begin XCBuildConfiguration section */
		7A6FC046250AF6980097920F /* Debug */ = {
			isa = XCBuildConfiguration;
			buildSettings = {
				ALWAYS_SEARCH_USER_PATHS = NO;
				CLANG_ANALYZER_NONNULL = YES;
				CLANG_ANALYZER_NUMBER_OBJECT_CONVERSION = YES_AGGRESSIVE;
				CLANG_CXX_LANGUAGE_STANDARD = "gnu++14";
				CLANG_CXX_LIBRARY = "libc++";
				CLANG_ENABLE_MODULES = YES;
				CLANG_ENABLE_OBJC_ARC = YES;
				CLANG_ENABLE_OBJC_WEAK = YES;
				CLANG_WARN_BLOCK_CAPTURE_AUTORELEASING = YES;
				CLANG_WARN_BOOL_CONVERSION = YES;
				CLANG_WARN_COMMA = YES;
				CLANG_WARN_CONSTANT_CONVERSION = YES;
				CLANG_WARN_DEPRECATED_OBJC_IMPLEMENTATIONS = YES;
				CLANG_WARN_DIRECT_OBJC_ISA_USAGE = YES_ERROR;
				CLANG_WARN_DOCUMENTATION_COMMENTS = YES;
				CLANG_WARN_EMPTY_BODY = YES;
				CLANG_WARN_ENUM_CONVERSION = YES;
				CLANG_WARN_INFINITE_RECURSION = YES;
				CLANG_WARN_INT_CONVERSION = YES;
				CLANG_WARN_NON_LITERAL_NULL_CONVERSION = YES;
				CLANG_WARN_OBJC_IMPLICIT_RETAIN_SELF = YES;
				CLANG_WARN_OBJC_LITERAL_CONVERSION = YES;
				CLANG_WARN_OBJC_ROOT_CLASS = YES_ERROR;
				CLANG_WARN_RANGE_LOOP_ANALYSIS = YES;
				CLANG_WARN_STRICT_PROTOTYPES = YES;
				CLANG_WARN_SUSPICIOUS_MOVE = YES;
				CLANG_WARN_UNGUARDED_AVAILABILITY = YES_AGGRESSIVE;
				CLANG_WARN_UNREACHABLE_CODE = YES;
				CLANG_WARN__DUPLICATE_METHOD_MATCH = YES;
				COPY_PHASE_STRIP = NO;
				DEBUG_INFORMATION_FORMAT = dwarf;
				ENABLE_STRICT_OBJC_MSGSEND = YES;
				ENABLE_TESTABILITY = YES;
				GCC_C_LANGUAGE_STANDARD = gnu11;
				GCC_DYNAMIC_NO_PIC = NO;
				GCC_NO_COMMON_BLOCKS = YES;
				GCC_OPTIMIZATION_LEVEL = 0;
				GCC_PREPROCESSOR_DEFINITIONS = (
					"DEBUG=1",
					"$(inherited)",
				);
				GCC_WARN_64_TO_32_BIT_CONVERSION = YES;
				GCC_WARN_ABOUT_RETURN_TYPE = YES_ERROR;
				GCC_WARN_UNDECLARED_SELECTOR = YES;
				GCC_WARN_UNINITIALIZED_AUTOS = YES_AGGRESSIVE;
				GCC_WARN_UNUSED_FUNCTION = YES;
				GCC_WARN_UNUSED_VARIABLE = YES;
				IPHONEOS_DEPLOYMENT_TARGET = 13.6;
				MTL_ENABLE_DEBUG_INFO = INCLUDE_SOURCE;
				MTL_FAST_MATH = YES;
				ONLY_ACTIVE_ARCH = YES;
				SDKROOT = iphoneos;
				SWIFT_ACTIVE_COMPILATION_CONDITIONS = DEBUG;
				SWIFT_OPTIMIZATION_LEVEL = "-Onone";
			};
			name = Debug;
		};
		7A6FC047250AF6980097920F /* Release */ = {
			isa = XCBuildConfiguration;
			buildSettings = {
				ALWAYS_SEARCH_USER_PATHS = NO;
				CLANG_ANALYZER_NONNULL = YES;
				CLANG_ANALYZER_NUMBER_OBJECT_CONVERSION = YES_AGGRESSIVE;
				CLANG_CXX_LANGUAGE_STANDARD = "gnu++14";
				CLANG_CXX_LIBRARY = "libc++";
				CLANG_ENABLE_MODULES = YES;
				CLANG_ENABLE_OBJC_ARC = YES;
				CLANG_ENABLE_OBJC_WEAK = YES;
				CLANG_WARN_BLOCK_CAPTURE_AUTORELEASING = YES;
				CLANG_WARN_BOOL_CONVERSION = YES;
				CLANG_WARN_COMMA = YES;
				CLANG_WARN_CONSTANT_CONVERSION = YES;
				CLANG_WARN_DEPRECATED_OBJC_IMPLEMENTATIONS = YES;
				CLANG_WARN_DIRECT_OBJC_ISA_USAGE = YES_ERROR;
				CLANG_WARN_DOCUMENTATION_COMMENTS = YES;
				CLANG_WARN_EMPTY_BODY = YES;
				CLANG_WARN_ENUM_CONVERSION = YES;
				CLANG_WARN_INFINITE_RECURSION = YES;
				CLANG_WARN_INT_CONVERSION = YES;
				CLANG_WARN_NON_LITERAL_NULL_CONVERSION = YES;
				CLANG_WARN_OBJC_IMPLICIT_RETAIN_SELF = YES;
				CLANG_WARN_OBJC_LITERAL_CONVERSION = YES;
				CLANG_WARN_OBJC_ROOT_CLASS = YES_ERROR;
				CLANG_WARN_RANGE_LOOP_ANALYSIS = YES;
				CLANG_WARN_STRICT_PROTOTYPES = YES;
				CLANG_WARN_SUSPICIOUS_MOVE = YES;
				CLANG_WARN_UNGUARDED_AVAILABILITY = YES_AGGRESSIVE;
				CLANG_WARN_UNREACHABLE_CODE = YES;
				CLANG_WARN__DUPLICATE_METHOD_MATCH = YES;
				COPY_PHASE_STRIP = NO;
				DEBUG_INFORMATION_FORMAT = "dwarf-with-dsym";
				ENABLE_NS_ASSERTIONS = NO;
				ENABLE_STRICT_OBJC_MSGSEND = YES;
				GCC_C_LANGUAGE_STANDARD = gnu11;
				GCC_NO_COMMON_BLOCKS = YES;
				GCC_WARN_64_TO_32_BIT_CONVERSION = YES;
				GCC_WARN_ABOUT_RETURN_TYPE = YES_ERROR;
				GCC_WARN_UNDECLARED_SELECTOR = YES;
				GCC_WARN_UNINITIALIZED_AUTOS = YES_AGGRESSIVE;
				GCC_WARN_UNUSED_FUNCTION = YES;
				GCC_WARN_UNUSED_VARIABLE = YES;
				IPHONEOS_DEPLOYMENT_TARGET = 13.6;
				MTL_ENABLE_DEBUG_INFO = NO;
				MTL_FAST_MATH = YES;
				SDKROOT = iphoneos;
				SWIFT_COMPILATION_MODE = wholemodule;
				SWIFT_OPTIMIZATION_LEVEL = "-O";
				VALIDATE_PRODUCT = YES;
			};
			name = Release;
		};
		7A6FC049250AF6980097920F /* Debug */ = {
			isa = XCBuildConfiguration;
			buildSettings = {
				ASSETCATALOG_COMPILER_APPICON_NAME = AppIcon;
				CODE_SIGN_STYLE = Automatic;
				DEVELOPMENT_ASSET_PATHS = "\"GitHubActionsSample/Preview Content\"";
				ENABLE_PREVIEWS = YES;
				INFOPLIST_FILE = GitHubActionsSample/Info.plist;
				LD_RUNPATH_SEARCH_PATHS = (
					"$(inherited)",
					"@executable_path/Frameworks",
				);
				PRODUCT_BUNDLE_IDENTIFIER = example.GitHubActionsSample;
				PRODUCT_NAME = "$(TARGET_NAME)";
				SWIFT_VERSION = 5.0;
				TARGETED_DEVICE_FAMILY = "1,2";
			};
			name = Debug;
		};
		7A6FC04A250AF6980097920F /* Release */ = {
			isa = XCBuildConfiguration;
			buildSettings = {
				ASSETCATALOG_COMPILER_APPICON_NAME = AppIcon;
				CODE_SIGN_STYLE = Automatic;
				DEVELOPMENT_ASSET_PATHS = "\"GitHubActionsSample/Preview Content\"";
				ENABLE_PREVIEWS = YES;
				INFOPLIST_FILE = GitHubActionsSample/Info.plist;
				LD_RUNPATH_SEARCH_PATHS = (
					"$(inherited)",
					"@executable_path/Frameworks",
				);
				PRODUCT_BUNDLE_IDENTIFIER = example.GitHubActionsSample;
				PRODUCT_NAME = "$(TARGET_NAME)";
				SWIFT_VERSION = 5.0;
				TARGETED_DEVICE_FAMILY = "1,2";
			};
			name = Release;
		};
		7A6FC04C250AF6980097920F /* Debug */ = {
			isa = XCBuildConfiguration;
			buildSettings = {
				ALWAYS_EMBED_SWIFT_STANDARD_LIBRARIES = YES;
				BUNDLE_LOADER = "$(TEST_HOST)";
				CODE_SIGN_STYLE = Automatic;
				INFOPLIST_FILE = GitHubActionsSampleTests/Info.plist;
				IPHONEOS_DEPLOYMENT_TARGET = 13.6;
				LD_RUNPATH_SEARCH_PATHS = (
					"$(inherited)",
					"@executable_path/Frameworks",
					"@loader_path/Frameworks",
				);
				PRODUCT_BUNDLE_IDENTIFIER = example.GitHubActionsSampleTests;
				PRODUCT_NAME = "$(TARGET_NAME)";
				SWIFT_VERSION = 5.0;
				TARGETED_DEVICE_FAMILY = "1,2";
				TEST_HOST = "$(BUILT_PRODUCTS_DIR)/GitHubActionsSample.app/GitHubActionsSample";
			};
			name = Debug;
		};
		7A6FC04D250AF6980097920F /* Release */ = {
			isa = XCBuildConfiguration;
			buildSettings = {
				ALWAYS_EMBED_SWIFT_STANDARD_LIBRARIES = YES;
				BUNDLE_LOADER = "$(TEST_HOST)";
				CODE_SIGN_STYLE = Automatic;
				INFOPLIST_FILE = GitHubActionsSampleTests/Info.plist;
				IPHONEOS_DEPLOYMENT_TARGET = 13.6;
				LD_RUNPATH_SEARCH_PATHS = (
					"$(inherited)",
					"@executable_path/Frameworks",
					"@loader_path/Frameworks",
				);
				PRODUCT_BUNDLE_IDENTIFIER = example.GitHubActionsSampleTests;
				PRODUCT_NAME = "$(TARGET_NAME)";
				SWIFT_VERSION = 5.0;
				TARGETED_DEVICE_FAMILY = "1,2";
				TEST_HOST = "$(BUILT_PRODUCTS_DIR)/GitHubActionsSample.app/GitHubActionsSample";
			};
			name = Release;
		};
/* End XCBuildConfiguration section */

/* Begin XCConfigurationList section */
		7A6FC024250AF6970097920F /* Build configuration list for PBXProject "GitHubActionsSample" */ = {
			isa = XCConfigurationList;
			buildConfigurations = (
				7A6FC046250AF6980097920F /* Debug */,
				7A6FC047250AF6980097920F /* Release */,
			);
			defaultConfigurationIsVisible = 0;
			defaultConfigurationName = Release;
		};
		7A6FC048250AF6980097920F /* Build configuration list for PBXNativeTarget "GitHubActionsSample" */ = {
			isa = XCConfigurationList;
			buildConfigurations = (
				7A6FC049250AF6980097920F /* Debug */,
				7A6FC04A250AF6980097920F /* Release */,
			);
			defaultConfigurationIsVisible = 0;
			defaultConfigurationName = Release;
		};
		7A6FC04B250AF6980097920F /* Build configuration list for PBXNativeTarget "GitHubActionsSampleTests" */ = {
			isa = XCConfigurationList;
			buildConfigurations = (
				7A6FC04C250AF6980097920F /* Debug */,
				7A6FC04D250AF6980097920F /* Release */,
			);
			defaultConfigurationIsVisible = 0;
			defaultConfigurationName = Release;
		};
/* End XCConfigurationList section */
	};
	rootObject = 7A6FC021250AF6970097920F /* Project object */;
}
